// !$*UTF8*$!
{
	archiveVersion = 1;
	classes = {
	};
	objectVersion = 46;
	objects = {

/* Begin PBXBuildFile section */
		B3C998C519635BB3000A3C7A /* Foundation.framework in Frameworks */ = {isa = PBXBuildFile; fileRef = B3C998C419635BB3000A3C7A /* Foundation.framework */; };
		B3C998C719635BB3000A3C7A /* CoreGraphics.framework in Frameworks */ = {isa = PBXBuildFile; fileRef = B3C998C619635BB3000A3C7A /* CoreGraphics.framework */; };
		B3C998C919635BB3000A3C7A /* UIKit.framework in Frameworks */ = {isa = PBXBuildFile; fileRef = B3C998C819635BB3000A3C7A /* UIKit.framework */; };
		B3C998D119635BB3000A3C7A /* main.m in Sources */ = {isa = PBXBuildFile; fileRef = B3C998D019635BB3000A3C7A /* main.m */; };
		B3C998D519635BB3000A3C7A /* SNAppDelegate.m in Sources */ = {isa = PBXBuildFile; fileRef = B3C998D419635BB3000A3C7A /* SNAppDelegate.m */; };
		B3C998DE19635BB3000A3C7A /* SNViewController.m in Sources */ = {isa = PBXBuildFile; fileRef = B3C998DD19635BB3000A3C7A /* SNViewController.m */; };
		B3C998E019635BB3000A3C7A /* Images.xcassets in Resources */ = {isa = PBXBuildFile; fileRef = B3C998DF19635BB3000A3C7A /* Images.xcassets */; };
		B3C9990C19635BE9000A3C7A /* SNBeaconService.m in Sources */ = {isa = PBXBuildFile; fileRef = B3C998FE19635BE9000A3C7A /* SNBeaconService.m */; };
		B3C9991019635BE9000A3C7A /* CLBeacon+SN.m in Sources */ = {isa = PBXBuildFile; fileRef = B3C9990619635BE9000A3C7A /* CLBeacon+SN.m */; };
		B3C9991C19636563000A3C7A /* Main_iPad.storyboard in Resources */ = {isa = PBXBuildFile; fileRef = B3C9991A19636563000A3C7A /* Main_iPad.storyboard */; };
		B3C9991D19636563000A3C7A /* Main_iPhone.storyboard in Resources */ = {isa = PBXBuildFile; fileRef = B3C9991B19636563000A3C7A /* Main_iPhone.storyboard */; };
/* End PBXBuildFile section */

/* Begin PBXFileReference section */
		B3C998C119635BB3000A3C7A /* iBeaconServiceDemo.app */ = {isa = PBXFileReference; explicitFileType = wrapper.application; includeInIndex = 0; path = iBeaconServiceDemo.app; sourceTree = BUILT_PRODUCTS_DIR; };
		B3C998C419635BB3000A3C7A /* Foundation.framework */ = {isa = PBXFileReference; lastKnownFileType = wrapper.framework; name = Foundation.framework; path = System/Library/Frameworks/Foundation.framework; sourceTree = SDKROOT; };
		B3C998C619635BB3000A3C7A /* CoreGraphics.framework */ = {isa = PBXFileReference; lastKnownFileType = wrapper.framework; name = CoreGraphics.framework; path = System/Library/Frameworks/CoreGraphics.framework; sourceTree = SDKROOT; };
		B3C998C819635BB3000A3C7A /* UIKit.framework */ = {isa = PBXFileReference; lastKnownFileType = wrapper.framework; name = UIKit.framework; path = System/Library/Frameworks/UIKit.framework; sourceTree = SDKROOT; };
		B3C998CC19635BB3000A3C7A /* iBeaconServiceDemo-Info.plist */ = {isa = PBXFileReference; lastKnownFileType = text.plist.xml; path = "iBeaconServiceDemo-Info.plist"; sourceTree = "<group>"; };
		B3C998D019635BB3000A3C7A /* main.m */ = {isa = PBXFileReference; lastKnownFileType = sourcecode.c.objc; path = main.m; sourceTree = "<group>"; };
		B3C998D219635BB3000A3C7A /* iBeaconServiceDemo-Prefix.pch */ = {isa = PBXFileReference; lastKnownFileType = sourcecode.c.h; path = "iBeaconServiceDemo-Prefix.pch"; sourceTree = "<group>"; };
		B3C998D319635BB3000A3C7A /* SNAppDelegate.h */ = {isa = PBXFileReference; lastKnownFileType = sourcecode.c.h; path = SNAppDelegate.h; sourceTree = "<group>"; };
		B3C998D419635BB3000A3C7A /* SNAppDelegate.m */ = {isa = PBXFileReference; lastKnownFileType = sourcecode.c.objc; path = SNAppDelegate.m; sourceTree = "<group>"; };
		B3C998DC19635BB3000A3C7A /* SNViewController.h */ = {isa = PBXFileReference; lastKnownFileType = sourcecode.c.h; path = SNViewController.h; sourceTree = "<group>"; };
		B3C998DD19635BB3000A3C7A /* SNViewController.m */ = {isa = PBXFileReference; lastKnownFileType = sourcecode.c.objc; path = SNViewController.m; sourceTree = "<group>"; };
		B3C998DF19635BB3000A3C7A /* Images.xcassets */ = {isa = PBXFileReference; lastKnownFileType = folder.assetcatalog; path = Images.xcassets; sourceTree = "<group>"; };
		B3C998E619635BB3000A3C7A /* XCTest.framework */ = {isa = PBXFileReference; lastKnownFileType = wrapper.framework; name = XCTest.framework; path = Library/Frameworks/XCTest.framework; sourceTree = DEVELOPER_DIR; };
		B3C998FD19635BE9000A3C7A /* SNBeaconService.h */ = {isa = PBXFileReference; fileEncoding = 4; lastKnownFileType = sourcecode.c.h; path = SNBeaconService.h; sourceTree = "<group>"; };
		B3C998FE19635BE9000A3C7A /* SNBeaconService.m */ = {isa = PBXFileReference; fileEncoding = 4; lastKnownFileType = sourcecode.c.objc; path = SNBeaconService.m; sourceTree = "<group>"; };
		B3C9990519635BE9000A3C7A /* CLBeacon+SN.h */ = {isa = PBXFileReference; fileEncoding = 4; lastKnownFileType = sourcecode.c.h; path = "CLBeacon+SN.h"; sourceTree = "<group>"; };
		B3C9990619635BE9000A3C7A /* CLBeacon+SN.m */ = {isa = PBXFileReference; fileEncoding = 4; lastKnownFileType = sourcecode.c.objc; path = "CLBeacon+SN.m"; sourceTree = "<group>"; };
		B3C9991A19636563000A3C7A /* Main_iPad.storyboard */ = {isa = PBXFileReference; fileEncoding = 4; lastKnownFileType = file.storyboard; path = Main_iPad.storyboard; sourceTree = "<group>"; };
		B3C9991B19636563000A3C7A /* Main_iPhone.storyboard */ = {isa = PBXFileReference; fileEncoding = 4; lastKnownFileType = file.storyboard; path = Main_iPhone.storyboard; sourceTree = "<group>"; };
/* End PBXFileReference section */

/* Begin PBXFrameworksBuildPhase section */
		B3C998BE19635BB3000A3C7A /* Frameworks */ = {
			isa = PBXFrameworksBuildPhase;
			buildActionMask = 2147483647;
			files = (
				B3C998C719635BB3000A3C7A /* CoreGraphics.framework in Frameworks */,
				B3C998C919635BB3000A3C7A /* UIKit.framework in Frameworks */,
				B3C998C519635BB3000A3C7A /* Foundation.framework in Frameworks */,
			);
			runOnlyForDeploymentPostprocessing = 0;
		};
/* End PBXFrameworksBuildPhase section */

/* Begin PBXGroup section */
		B3C998B819635BB3000A3C7A = {
			isa = PBXGroup;
			children = (
				B3C998FC19635BE9000A3C7A /* BeaconSupport */,
				B3C998CA19635BB3000A3C7A /* iBeaconServiceDemo */,
				B3C998C319635BB3000A3C7A /* Frameworks */,
				B3C998C219635BB3000A3C7A /* Products */,
			);
			sourceTree = "<group>";
		};
		B3C998C219635BB3000A3C7A /* Products */ = {
			isa = PBXGroup;
			children = (
				B3C998C119635BB3000A3C7A /* iBeaconServiceDemo.app */,
			);
			name = Products;
			sourceTree = "<group>";
		};
		B3C998C319635BB3000A3C7A /* Frameworks */ = {
			isa = PBXGroup;
			children = (
				B3C998C419635BB3000A3C7A /* Foundation.framework */,
				B3C998C619635BB3000A3C7A /* CoreGraphics.framework */,
				B3C998C819635BB3000A3C7A /* UIKit.framework */,
				B3C998E619635BB3000A3C7A /* XCTest.framework */,
			);
			name = Frameworks;
			sourceTree = "<group>";
		};
		B3C998CA19635BB3000A3C7A /* iBeaconServiceDemo */ = {
			isa = PBXGroup;
			children = (
				B3C9991A19636563000A3C7A /* Main_iPad.storyboard */,
				B3C9991B19636563000A3C7A /* Main_iPhone.storyboard */,
				B3C998D319635BB3000A3C7A /* SNAppDelegate.h */,
				B3C998D419635BB3000A3C7A /* SNAppDelegate.m */,
				B3C998DC19635BB3000A3C7A /* SNViewController.h */,
				B3C998DD19635BB3000A3C7A /* SNViewController.m */,
				B3C998DF19635BB3000A3C7A /* Images.xcassets */,
				B3C998CB19635BB3000A3C7A /* Supporting Files */,
			);
			path = iBeaconServiceDemo;
			sourceTree = "<group>";
		};
		B3C998CB19635BB3000A3C7A /* Supporting Files */ = {
			isa = PBXGroup;
			children = (
				B3C998D019635BB3000A3C7A /* main.m */,
				B3C998CC19635BB3000A3C7A /* iBeaconServiceDemo-Info.plist */,
				B3C998D219635BB3000A3C7A /* iBeaconServiceDemo-Prefix.pch */,
			);
			name = "Supporting Files";
			sourceTree = "<group>";
		};
		B3C998FC19635BE9000A3C7A /* BeaconSupport */ = {
			isa = PBXGroup;
			children = (
				B3C998FD19635BE9000A3C7A /* SNBeaconService.h */,
				B3C998FE19635BE9000A3C7A /* SNBeaconService.m */,
				B3C9990519635BE9000A3C7A /* CLBeacon+SN.h */,
				B3C9990619635BE9000A3C7A /* CLBeacon+SN.m */,
			);
			path = BeaconSupport;
			sourceTree = "<group>";
		};
/* End PBXGroup section */

/* Begin PBXNativeTarget section */
		B3C998C019635BB3000A3C7A /* iBeaconServiceDemo */ = {
			isa = PBXNativeTarget;
			buildConfigurationList = B3C998F619635BB3000A3C7A /* Build configuration list for PBXNativeTarget "iBeaconServiceDemo" */;
			buildPhases = (
				B3C998BD19635BB3000A3C7A /* Sources */,
				B3C998BE19635BB3000A3C7A /* Frameworks */,
				B3C998BF19635BB3000A3C7A /* Resources */,
			);
			buildRules = (
			);
			dependencies = (
			);
			name = iBeaconServiceDemo;
			productName = iBeaconServiceDemo;
			productReference = B3C998C119635BB3000A3C7A /* iBeaconServiceDemo.app */;
			productType = "com.apple.product-type.application";
		};
/* End PBXNativeTarget section */

/* Begin PBXProject section */
		B3C998B919635BB3000A3C7A /* Project object */ = {
			isa = PBXProject;
			attributes = {
				CLASSPREFIX = SN;
				LastUpgradeCheck = 0510;
				ORGANIZATIONNAME = Sapient;
			};
			buildConfigurationList = B3C998BC19635BB3000A3C7A /* Build configuration list for PBXProject "iBeaconServiceDemo" */;
			compatibilityVersion = "Xcode 3.2";
			developmentRegion = English;
			hasScannedForEncodings = 0;
			knownRegions = (
				en,
				Base,
			);
			mainGroup = B3C998B819635BB3000A3C7A;
			productRefGroup = B3C998C219635BB3000A3C7A /* Products */;
			projectDirPath = "";
			projectRoot = "";
			targets = (
				B3C998C019635BB3000A3C7A /* iBeaconServiceDemo */,
			);
		};
/* End PBXProject section */

/* Begin PBXResourcesBuildPhase section */
		B3C998BF19635BB3000A3C7A /* Resources */ = {
			isa = PBXResourcesBuildPhase;
			buildActionMask = 2147483647;
			files = (
				B3C998E019635BB3000A3C7A /* Images.xcassets in Resources */,
				B3C9991C19636563000A3C7A /* Main_iPad.storyboard in Resources */,
				B3C9991D19636563000A3C7A /* Main_iPhone.storyboard in Resources */,
			);
			runOnlyForDeploymentPostprocessing = 0;
		};
/* End PBXResourcesBuildPhase section */

/* Begin PBXSourcesBuildPhase section */
		B3C998BD19635BB3000A3C7A /* Sources */ = {
			isa = PBXSourcesBuildPhase;
			buildActionMask = 2147483647;
			files = (
				B3C998D119635BB3000A3C7A /* main.m in Sources */,
				B3C998DE19635BB3000A3C7A /* SNViewController.m in Sources */,
				B3C9990C19635BE9000A3C7A /* SNBeaconService.m in Sources */,
				B3C998D519635BB3000A3C7A /* SNAppDelegate.m in Sources */,
				B3C9991019635BE9000A3C7A /* CLBeacon+SN.m in Sources */,
			);
			runOnlyForDeploymentPostprocessing = 0;
		};
/* End PBXSourcesBuildPhase section */

/* Begin XCBuildConfiguration section */
		B3C998F419635BB3000A3C7A /* Debug */ = {
			isa = XCBuildConfiguration;
			buildSettings = {
				ALWAYS_SEARCH_USER_PATHS = NO;
				CLANG_CXX_LANGUAGE_STANDARD = "gnu++0x";
				CLANG_CXX_LIBRARY = "libc++";
				CLANG_ENABLE_MODULES = YES;
				CLANG_ENABLE_OBJC_ARC = YES;
				CLANG_WARN_BOOL_CONVERSION = YES;
				CLANG_WARN_CONSTANT_CONVERSION = YES;
				CLANG_WARN_DIRECT_OBJC_ISA_USAGE = YES_ERROR;
				CLANG_WARN_EMPTY_BODY = YES;
				CLANG_WARN_ENUM_CONVERSION = YES;
				CLANG_WARN_INT_CONVERSION = YES;
				CLANG_WARN_OBJC_ROOT_CLASS = YES_ERROR;
				CLANG_WARN__DUPLICATE_METHOD_MATCH = YES;
				"CODE_SIGN_IDENTITY[sdk=iphoneos*]" = "iPhone Developer";
				COPY_PHASE_STRIP = NO;
				GCC_C_LANGUAGE_STANDARD = gnu99;
				GCC_DYNAMIC_NO_PIC = NO;
				GCC_OPTIMIZATION_LEVEL = 0;
				GCC_PREPROCESSOR_DEFINITIONS = (
					"DEBUG=1",
					"$(inherited)",
				);
				GCC_SYMBOLS_PRIVATE_EXTERN = NO;
				GCC_WARN_64_TO_32_BIT_CONVERSION = YES;
				GCC_WARN_ABOUT_RETURN_TYPE = YES_ERROR;
				GCC_WARN_UNDECLARED_SELECTOR = YES;
				GCC_WARN_UNINITIALIZED_AUTOS = YES_AGGRESSIVE;
				GCC_WARN_UNUSED_FUNCTION = YES;
				GCC_WARN_UNUSED_VARIABLE = YES;
				IPHONEOS_DEPLOYMENT_TARGET = 7.0;
				ONLY_ACTIVE_ARCH = YES;
				SDKROOT = iphoneos;
				TARGETED_DEVICE_FAMILY = "1,2";
			};
			name = Debug;
		};
		B3C998F519635BB3000A3C7A /* Release */ = {
			isa = XCBuildConfiguration;
			buildSettings = {
				ALWAYS_SEARCH_USER_PATHS = NO;
				CLANG_CXX_LANGUAGE_STANDARD = "gnu++0x";
				CLANG_CXX_LIBRARY = "libc++";
				CLANG_ENABLE_MODULES = YES;
				CLANG_ENABLE_OBJC_ARC = YES;
				CLANG_WARN_BOOL_CONVERSION = YES;
				CLANG_WARN_CONSTANT_CONVERSION = YES;
				CLANG_WARN_DIRECT_OBJC_ISA_USAGE = YES_ERROR;
				CLANG_WARN_EMPTY_BODY = YES;
				CLANG_WARN_ENUM_CONVERSION = YES;
				CLANG_WARN_INT_CONVERSION = YES;
				CLANG_WARN_OBJC_ROOT_CLASS = YES_ERROR;
				CLANG_WARN__DUPLICATE_METHOD_MATCH = YES;
				"CODE_SIGN_IDENTITY[sdk=iphoneos*]" = "iPhone Developer";
				COPY_PHASE_STRIP = YES;
				ENABLE_NS_ASSERTIONS = NO;
				GCC_C_LANGUAGE_STANDARD = gnu99;
				GCC_WARN_64_TO_32_BIT_CONVERSION = YES;
				GCC_WARN_ABOUT_RETURN_TYPE = YES_ERROR;
				GCC_WARN_UNDECLARED_SELECTOR = YES;
				GCC_WARN_UNINITIALIZED_AUTOS = YES_AGGRESSIVE;
				GCC_WARN_UNUSED_FUNCTION = YES;
				GCC_WARN_UNUSED_VARIABLE = YES;
				IPHONEOS_DEPLOYMENT_TARGET = 7.0;
				SDKROOT = iphoneos;
				TARGETED_DEVICE_FAMILY = "1,2";
				VALIDATE_PRODUCT = YES;
			};
			name = Release;
		};
		B3C998F719635BB3000A3C7A /* Debug */ = {
			isa = XCBuildConfiguration;
			buildSettings = {
				ASSETCATALOG_COMPILER_APPICON_NAME = AppIcon;
				ASSETCATALOG_COMPILER_LAUNCHIMAGE_NAME = LaunchImage;
				GCC_PRECOMPILE_PREFIX_HEADER = YES;
				GCC_PREFIX_HEADER = "iBeaconServiceDemo/iBeaconServiceDemo-Prefix.pch";
				INFOPLIST_FILE = "iBeaconServiceDemo/iBeaconServiceDemo-Info.plist";
				PRODUCT_NAME = "$(TARGET_NAME)";
				WRAPPER_EXTENSION = app;
			};
			name = Debug;
		};
		B3C998F819635BB3000A3C7A /* Release */ = {
			isa = XCBuildConfiguration;
			buildSettings = {
				ASSETCATALOG_COMPILER_APPICON_NAME = AppIcon;
				ASSETCATALOG_COMPILER_LAUNCHIMAGE_NAME = LaunchImage;
				GCC_PRECOMPILE_PREFIX_HEADER = YES;
				GCC_PREFIX_HEADER = "iBeaconServiceDemo/iBeaconServiceDemo-Prefix.pch";
				INFOPLIST_FILE = "iBeaconServiceDemo/iBeaconServiceDemo-Info.plist";
				PRODUCT_NAME = "$(TARGET_NAME)";
				WRAPPER_EXTENSION = app;
			};
			name = Release;
		};
/* End XCBuildConfiguration section */

/* Begin XCConfigurationList section */
		B3C998BC19635BB3000A3C7A /* Build configuration list for PBXProject "iBeaconServiceDemo" */ = {
			isa = XCConfigurationList;
			buildConfigurations = (
				B3C998F419635BB3000A3C7A /* Debug */,
				B3C998F519635BB3000A3C7A /* Release */,
			);
			defaultConfigurationIsVisible = 0;
			defaultConfigurationName = Release;
		};
		B3C998F619635BB3000A3C7A /* Build configuration list for PBXNativeTarget "iBeaconServiceDemo" */ = {
			isa = XCConfigurationList;
			buildConfigurations = (
				B3C998F719635BB3000A3C7A /* Debug */,
				B3C998F819635BB3000A3C7A /* Release */,
			);
			defaultConfigurationIsVisible = 0;
			defaultConfigurationName = Release;
		};
/* End XCConfigurationList section */
	};
	rootObject = B3C998B919635BB3000A3C7A /* Project object */;
}
